// !$*UTF8*$!
{
	archiveVersion = 1;
	classes = {
	};
	objectVersion = 50;
	objects = {

/* Begin PBXBuildFile section */
		030E6109221DEAC6001DC8A0 /* AppDelegate.swift in Sources */ = {isa = PBXBuildFile; fileRef = 030E6108221DEAC6001DC8A0 /* AppDelegate.swift */; };
		030E610B221DEAC6001DC8A0 /* ViewController.swift in Sources */ = {isa = PBXBuildFile; fileRef = 030E610A221DEAC6001DC8A0 /* ViewController.swift */; };
		030E610E221DEAC6001DC8A0 /* Main.storyboard in Resources */ = {isa = PBXBuildFile; fileRef = 030E610C221DEAC6001DC8A0 /* Main.storyboard */; };
		030E6110221DEAC9001DC8A0 /* Assets.xcassets in Resources */ = {isa = PBXBuildFile; fileRef = 030E610F221DEAC9001DC8A0 /* Assets.xcassets */; };
		030E6113221DEAC9001DC8A0 /* LaunchScreen.storyboard in Resources */ = {isa = PBXBuildFile; fileRef = 030E6111221DEAC9001DC8A0 /* LaunchScreen.storyboard */; };
/* End PBXBuildFile section */

/* Begin PBXFileReference section */
		030E6105221DEAC6001DC8A0 /* aplicacionUno.app */ = {isa = PBXFileReference; explicitFileType = wrapper.application; includeInIndex = 0; path = aplicacionUno.app; sourceTree = BUILT_PRODUCTS_DIR; };
		030E6108221DEAC6001DC8A0 /* AppDelegate.swift */ = {isa = PBXFileReference; lastKnownFileType = sourcecode.swift; path = AppDelegate.swift; sourceTree = "<group>"; };
		030E610A221DEAC6001DC8A0 /* ViewController.swift */ = {isa = PBXFileReference; lastKnownFileType = sourcecode.swift; path = ViewController.swift; sourceTree = "<group>"; };
		030E610D221DEAC6001DC8A0 /* Base */ = {isa = PBXFileReference; lastKnownFileType = file.storyboard; name = Base; path = Base.lproj/Main.storyboard; sourceTree = "<group>"; };
		030E610F221DEAC9001DC8A0 /* Assets.xcassets */ = {isa = PBXFileReference; lastKnownFileType = folder.assetcatalog; path = Assets.xcassets; sourceTree = "<group>"; };
		030E6112221DEAC9001DC8A0 /* Base */ = {isa = PBXFileReference; lastKnownFileType = file.storyboard; name = Base; path = Base.lproj/LaunchScreen.storyboard; sourceTree = "<group>"; };
		030E6114221DEAC9001DC8A0 /* Info.plist */ = {isa = PBXFileReference; lastKnownFileType = text.plist.xml; path = Info.plist; sourceTree = "<group>"; };
/* End PBXFileReference section */

/* Begin PBXFrameworksBuildPhase section */
		030E6102221DEAC6001DC8A0 /* Frameworks */ = {
			isa = PBXFrameworksBuildPhase;
			buildActionMask = 2147483647;
			files = (
			);
			runOnlyForDeploymentPostprocessing = 0;
		};
/* End PBXFrameworksBuildPhase section */

/* Begin PBXGroup section */
		030E60FC221DEAC6001DC8A0 = {
			isa = PBXGroup;
			children = (
				030E6107221DEAC6001DC8A0 /* aplicacionUno */,
				030E6106221DEAC6001DC8A0 /* Products */,
			);
			sourceTree = "<group>";
		};
		030E6106221DEAC6001DC8A0 /* Products */ = {
			isa = PBXGroup;
			children = (
				030E6105221DEAC6001DC8A0 /* aplicacionUno.app */,
			);
			name = Products;
			sourceTree = "<group>";
		};
		030E6107221DEAC6001DC8A0 /* aplicacionUno */ = {
			isa = PBXGroup;
			children = (
				030E6108221DEAC6001DC8A0 /* AppDelegate.swift */,
				030E610A221DEAC6001DC8A0 /* ViewController.swift */,
				030E610C221DEAC6001DC8A0 /* Main.storyboard */,
				030E610F221DEAC9001DC8A0 /* Assets.xcassets */,
				030E6111221DEAC9001DC8A0 /* LaunchScreen.storyboard */,
				030E6114221DEAC9001DC8A0 /* Info.plist */,
			);
			path = aplicacionUno;
			sourceTree = "<group>";
		};
/* End PBXGroup section */

/* Begin PBXNativeTarget section */
		030E6104221DEAC6001DC8A0 /* aplicacionUno */ = {
			isa = PBXNativeTarget;
			buildConfigurationList = 030E6117221DEAC9001DC8A0 /* Build configuration list for PBXNativeTarget "aplicacionUno" */;
			buildPhases = (
				030E6101221DEAC6001DC8A0 /* Sources */,
				030E6102221DEAC6001DC8A0 /* Frameworks */,
				030E6103221DEAC6001DC8A0 /* Resources */,
			);
			buildRules = (
			);
			dependencies = (
			);
			name = aplicacionUno;
			productName = aplicacionUno;
			productReference = 030E6105221DEAC6001DC8A0 /* aplicacionUno.app */;
			productType = "com.apple.product-type.application";
		};
/* End PBXNativeTarget section */

/* Begin PBXProject section */
		030E60FD221DEAC6001DC8A0 /* Project object */ = {
			isa = PBXProject;
			attributes = {
				LastSwiftUpdateCheck = 1010;
				LastUpgradeCheck = 1010;
				ORGANIZATIONNAME = Tafolla;
				TargetAttributes = {
					030E6104221DEAC6001DC8A0 = {
						CreatedOnToolsVersion = 10.1;
					};
				};
			};
			buildConfigurationList = 030E6100221DEAC6001DC8A0 /* Build configuration list for PBXProject "aplicacionUno" */;
			compatibilityVersion = "Xcode 9.3";
			developmentRegion = en;
			hasScannedForEncodings = 0;
			knownRegions = (
				en,
				Base,
			);
			mainGroup = 030E60FC221DEAC6001DC8A0;
			productRefGroup = 030E6106221DEAC6001DC8A0 /* Products */;
			projectDirPath = "";
			projectRoot = "";
			targets = (
				030E6104221DEAC6001DC8A0 /* aplicacionUno */,
			);
		};
/* End PBXProject section */

/* Begin PBXResourcesBuildPhase section */
		030E6103221DEAC6001DC8A0 /* Resources */ = {
			isa = PBXResourcesBuildPhase;
			buildActionMask = 2147483647;
			files = (
				030E6113221DEAC9001DC8A0 /* LaunchScreen.storyboard in Resources */,
				030E6110221DEAC9001DC8A0 /* Assets.xcassets in Resources */,
				030E610E221DEAC6001DC8A0 /* Main.storyboard in Resources */,
			);
			runOnlyForDeploymentPostprocessing = 0;
		};
/* End PBXResourcesBuildPhase section */

/* Begin PBXSourcesBuildPhase section */
		030E6101221DEAC6001DC8A0 /* Sources */ = {
			isa = PBXSourcesBuildPhase;
			buildActionMask = 2147483647;
			files = (
				030E610B221DEAC6001DC8A0 /* ViewController.swift in Sources */,
				030E6109221DEAC6001DC8A0 /* AppDelegate.swift in Sources */,
			);
			runOnlyForDeploymentPostprocessing = 0;
		};
/* End PBXSourcesBuildPhase section */

/* Begin PBXVariantGroup section */
		030E610C221DEAC6001DC8A0 /* Main.storyboard */ = {
			isa = PBXVariantGroup;
			children = (
				030E610D221DEAC6001DC8A0 /* Base */,
			);
			name = Main.storyboard;
			sourceTree = "<group>";
		};
		030E6111221DEAC9001DC8A0 /* LaunchScreen.storyboard */ = {
			isa = PBXVariantGroup;
			children = (
				030E6112221DEAC9001DC8A0 /* Base */,
			);
			name = LaunchScreen.storyboard;
			sourceTree = "<group>";
		};
/* End PBXVariantGroup section */

/* Begin XCBuildConfiguration section */
		030E6115221DEAC9001DC8A0 /* Debug */ = {
			isa = XCBuildConfiguration;
			buildSettings = {
				ALWAYS_SEARCH_USER_PATHS = NO;
				CLANG_ANALYZER_NONNULL = YES;
				CLANG_ANALYZER_NUMBER_OBJECT_CONVERSION = YES_AGGRESSIVE;
				CLANG_CXX_LANGUAGE_STANDARD = "gnu++14";
				CLANG_CXX_LIBRARY = "libc++";
				CLANG_ENABLE_MODULES = YES;
				CLANG_ENABLE_OBJC_ARC = YES;
				CLANG_ENABLE_OBJC_WEAK = YES;
				CLANG_WARN_BLOCK_CAPTURE_AUTORELEASING = YES;
				CLANG_WARN_BOOL_CONVERSION = YES;
				CLANG_WARN_COMMA = YES;
				CLANG_WARN_CONSTANT_CONVERSION = YES;
				CLANG_WARN_DEPRECATED_OBJC_IMPLEMENTATIONS = YES;
				CLANG_WARN_DIRECT_OBJC_ISA_USAGE = YES_ERROR;
				CLANG_WARN_DOCUMENTATION_COMMENTS = YES;
				CLANG_WARN_EMPTY_BODY = YES;
				CLANG_WARN_ENUM_CONVERSION = YES;
				CLANG_WARN_INFINITE_RECURSION = YES;
				CLANG_WARN_INT_CONVERSION = YES;
				CLANG_WARN_NON_LITERAL_NULL_CONVERSION = YES;
				CLANG_WARN_OBJC_IMPLICIT_RETAIN_SELF = YES;
				CLANG_WARN_OBJC_LITERAL_CONVERSION = YES;
				CLANG_WARN_OBJC_ROOT_CLASS = YES_ERROR;
				CLANG_WARN_RANGE_LOOP_ANALYSIS = YES;
				CLANG_WARN_STRICT_PROTOTYPES = YES;
				CLANG_WARN_SUSPICIOUS_MOVE = YES;
				CLANG_WARN_UNGUARDED_AVAILABILITY = YES_AGGRESSIVE;
				CLANG_WARN_UNREACHABLE_CODE = YES;
				CLANG_WARN__DUPLICATE_METHOD_MATCH = YES;
				CODE_SIGN_IDENTITY = "iPhone Developer";
				COPY_PHASE_STRIP = NO;
				DEBUG_INFORMATION_FORMAT = dwarf;
				ENABLE_STRICT_OBJC_MSGSEND = YES;
				ENABLE_TESTABILITY = YES;
				GCC_C_LANGUAGE_STANDARD = gnu11;
				GCC_DYNAMIC_NO_PIC = NO;
				GCC_NO_COMMON_BLOCKS = YES;
				GCC_OPTIMIZATION_LEVEL = 0;
				GCC_PREPROCESSOR_DEFINITIONS = (
					"DEBUG=1",
					"$(inherited)",
				);
				GCC_WARN_64_TO_32_BIT_CONVERSION = YES;
				GCC_WARN_ABOUT_RETURN_TYPE = YES_ERROR;
				GCC_WARN_UNDECLARED_SELECTOR = YES;
				GCC_WARN_UNINITIALIZED_AUTOS = YES_AGGRESSIVE;
				GCC_WARN_UNUSED_FUNCTION = YES;
				GCC_WARN_UNUSED_VARIABLE = YES;
				IPHONEOS_DEPLOYMENT_TARGET = 12.1;
				MTL_ENABLE_DEBUG_INFO = INCLUDE_SOURCE;
				MTL_FAST_MATH = YES;
				ONLY_ACTIVE_ARCH = YES;
				SDKROOT = iphoneos;
				SWIFT_ACTIVE_COMPILATION_CONDITIONS = DEBUG;
				SWIFT_OPTIMIZATION_LEVEL = "-Onone";
			};
			name = Debug;
		};
		030E6116221DEAC9001DC8A0 /* Release */ = {
			isa = XCBuildConfiguration;
			buildSettings = {
				ALWAYS_SEARCH_USER_PATHS = NO;
				CLANG_ANALYZER_NONNULL = YES;
				CLANG_ANALYZER_NUMBER_OBJECT_CONVERSION = YES_AGGRESSIVE;
				CLANG_CXX_LANGUAGE_STANDARD = "gnu++14";
				CLANG_CXX_LIBRARY = "libc++";
				CLANG_ENABLE_MODULES = YES;
				CLANG_ENABLE_OBJC_ARC = YES;
				CLANG_ENABLE_OBJC_WEAK = YES;
				CLANG_WARN_BLOCK_CAPTURE_AUTORELEASING = YES;
				CLANG_WARN_BOOL_CONVERSION = YES;
				CLANG_WARN_COMMA = YES;
				CLANG_WARN_CONSTANT_CONVERSION = YES;
				CLANG_WARN_DEPRECATED_OBJC_IMPLEMENTATIONS = YES;
				CLANG_WARN_DIRECT_OBJC_ISA_USAGE = YES_ERROR;
				CLANG_WARN_DOCUMENTATION_COMMENTS = YES;
				CLANG_WARN_EMPTY_BODY = YES;
				CLANG_WARN_ENUM_CONVERSION = YES;
				CLANG_WARN_INFINITE_RECURSION = YES;
				CLANG_WARN_INT_CONVERSION = YES;
				CLANG_WARN_NON_LITERAL_NULL_CONVERSION = YES;
				CLANG_WARN_OBJC_IMPLICIT_RETAIN_SELF = YES;
				CLANG_WARN_OBJC_LITERAL_CONVERSION = YES;
				CLANG_WARN_OBJC_ROOT_CLASS = YES_ERROR;
				CLANG_WARN_RANGE_LOOP_ANALYSIS = YES;
				CLANG_WARN_STRICT_PROTOTYPES = YES;
				CLANG_WARN_SUSPICIOUS_MOVE = YES;
				CLANG_WARN_UNGUARDED_AVAILABILITY = YES_AGGRESSIVE;
				CLANG_WARN_UNREACHABLE_CODE = YES;
				CLANG_WARN__DUPLICATE_METHOD_MATCH = YES;
				CODE_SIGN_IDENTITY = "iPhone Developer";
				COPY_PHASE_STRIP = NO;
				DEBUG_INFORMATION_FORMAT = "dwarf-with-dsym";
				ENABLE_NS_ASSERTIONS = NO;
				ENABLE_STRICT_OBJC_MSGSEND = YES;
				GCC_C_LANGUAGE_STANDARD = gnu11;
				GCC_NO_COMMON_BLOCKS = YES;
				GCC_WARN_64_TO_32_BIT_CONVERSION = YES;
				GCC_WARN_ABOUT_RETURN_TYPE = YES_ERROR;
				GCC_WARN_UNDECLARED_SELECTOR = YES;
				GCC_WARN_UNINITIALIZED_AUTOS = YES_AGGRESSIVE;
				GCC_WARN_UNUSED_FUNCTION = YES;
				GCC_WARN_UNUSED_VARIABLE = YES;
				IPHONEOS_DEPLOYMENT_TARGET = 12.1;
				MTL_ENABLE_DEBUG_INFO = NO;
				MTL_FAST_MATH = YES;
				SDKROOT = iphoneos;
				SWIFT_COMPILATION_MODE = wholemodule;
				SWIFT_OPTIMIZATION_LEVEL = "-O";
				VALIDATE_PRODUCT = YES;
			};
			name = Release;
		};
		030E6118221DEAC9001DC8A0 /* Debug */ = {
			isa = XCBuildConfiguration;
			buildSettings = {
				ASSETCATALOG_COMPILER_APPICON_NAME = AppIcon;
				CODE_SIGN_STYLE = Automatic;
				INFOPLIST_FILE = aplicacionUno/Info.plist;
				LD_RUNPATH_SEARCH_PATHS = (
					"$(inherited)",
					"@executable_path/Frameworks",
				);
				PRODUCT_BUNDLE_IDENTIFIER = edu.unam.aplicacionUno;
				PRODUCT_NAME = "$(TARGET_NAME)";
				SWIFT_VERSION = 4.2;
				TARGETED_DEVICE_FAMILY = "1,2";
			};
			name = Debug;
		};
		030E6119221DEAC9001DC8A0 /* Release */ = {
			isa = XCBuildConfiguration;
			buildSettings = {
				ASSETCATALOG_COMPILER_APPICON_NAME = AppIcon;
				CODE_SIGN_STYLE = Automatic;
				INFOPLIST_FILE = aplicacionUno/Info.plist;
				LD_RUNPATH_SEARCH_PATHS = (
					"$(inherited)",
					"@executable_path/Frameworks",
				);
				PRODUCT_BUNDLE_IDENTIFIER = edu.unam.aplicacionUno;
				PRODUCT_NAME = "$(TARGET_NAME)";
				SWIFT_VERSION = 4.2;
				TARGETED_DEVICE_FAMILY = "1,2";
			};
			name = Release;
		};
/* End XCBuildConfiguration section */

/* Begin XCConfigurationList section */
		030E6100221DEAC6001DC8A0 /* Build configuration list for PBXProject "aplicacionUno" */ = {
			isa = XCConfigurationList;
			buildConfigurations = (
				030E6115221DEAC9001DC8A0 /* Debug */,
				030E6116221DEAC9001DC8A0 /* Release */,
			);
			defaultConfigurationIsVisible = 0;
			defaultConfigurationName = Release;
		};
		030E6117221DEAC9001DC8A0 /* Build configuration list for PBXNativeTarget "aplicacionUno" */ = {
			isa = XCConfigurationList;
			buildConfigurations = (
				030E6118221DEAC9001DC8A0 /* Debug */,
				030E6119221DEAC9001DC8A0 /* Release */,
			);
			defaultConfigurationIsVisible = 0;
			defaultConfigurationName = Release;
		};
/* End XCConfigurationList section */
	};
	rootObject = 030E60FD221DEAC6001DC8A0 /* Project object */;
}
